<?xml version="1.0" encoding="UTF-8"?>

<Project ToolsVersion="17.0" xmlns="http://schemas.microsoft.com/developer/msbuild/2003">
  <ItemGroup>
    <Filter Include="AudioPluginTut\Source">
      <UniqueIdentifier>{33DC72A1-3836-6746-30C5-931909607658}</UniqueIdentifier>
    </Filter>
    <Filter Include="AudioPluginTut">
      <UniqueIdentifier>{7D651251-41FC-6501-22E6-7CE0A6D3C3F9}</UniqueIdentifier>
    </Filter>
    <Filter Include="JUCE Library Code">
      <UniqueIdentifier>{7ED5A90E-41AF-A1EF-659B-37CEEAB9BA61}</UniqueIdentifier>
    </Filter>
  </ItemGroup>
  <ItemGroup>
    <ClCompile Include="..\..\Source\PluginProcessor.cpp">
      <Filter>AudioPluginTut\Source</Filter>
    </ClCompile>
    <ClCompile Include="..\..\Source\PluginEditor.cpp">
      <Filter>AudioPluginTut\Source</Filter>
    </ClCompile>
  </ItemGroup>
  <ItemGroup>
    <ClInclude Include="..\..\Source\PluginProcessor.h">
      <Filter>AudioPluginTut\Source</Filter>
    </ClInclude>
    <ClInclude Include="..\..\Source\PluginEditor.h">
      <Filter>AudioPluginTut\Source</Filter>
    </ClInclude>
    <ClInclude Include="..\..\JuceLibraryCode\JuceHeader.h">
      <Filter>JUCE Library Code</Filter>
    </ClInclude>
    <ClInclude Include="..\..\JuceLibraryCode\JucePluginDefines.h">
      <Filter>JUCE Library Code</Filter>
    </ClInclude>
  </ItemGroup>
</Project>
