
Microsoft Visual Studio Solution File, Format Version 11.00
# Visual Studio Version 17

Project("{8BC9CEB8-8B4A-11D0-8D11-00A0C91BC942}") = "AudioPluginTut - Standalone Plugin", "AudioPluginTut_StandalonePlugin.vcxproj", "{C98268E7-0F49-BDCA-3EBB-BF0D2C09BC01}"
	ProjectSection(ProjectDependencies) = postProject
		{B6627F35-A279-20B5-B6C4-3A3135CA2FE2} = {B6627F35-A279-20B5-B6C4-3A3135CA2FE2}
	EndProjectSection
EndProject
Project("{8BC9CEB8-8B4A-11D0-8D11-00A0C91BC942}") = "AudioPluginTut - VST3", "AudioPluginTut_VST3.vcxproj", "{44309772-D358-9C68-8174-72C9998BBE77}"
	ProjectSection(ProjectDependencies) = postProject
		{B6627F35-A279-20B5-B6C4-3A3135CA2FE2} = {B6627F35-A279-20B5-B6C4-3A3135CA2FE2}
		{F8F0F1CB-FA43-C58F-E706-1EA7728BB7A5} = {F8F0F1CB-FA43-C58F-E706-1EA7728BB7A5}
	EndProjectSection
EndProject
Project("{8BC9CEB8-8B4A-11D0-8D11-00A0C91BC942}") = "AudioPluginTut - Shared Code", "AudioPluginTut_SharedCode.vcxproj", "{B6627F35-A279-20B5-B6C4-3A3135CA2FE2}"
EndProject
Project("{8BC9CEB8-8B4A-11D0-8D11-00A0C91BC942}") = "AudioPluginTut - VST3 Manifest Helper", "AudioPluginTut_VST3ManifestHelper.vcxproj", "{F8F0F1CB-FA43-C58F-E706-1EA7728BB7A5}"
EndProject
Global
	GlobalSection(SolutionConfigurationPlatforms) = preSolution
		Debug|x64 = Debug|x64
		Release|x64 = Release|x64
	EndGlobalSection
	GlobalSection(ProjectConfigurationPlatforms) = postSolution
		{44309772-D358-9C68-8174-72C9998BBE77}.Debug|x64.ActiveCfg = Debug|x64
		{44309772-D358-9C68-8174-72C9998BBE77}.Debug|x64.Build.0 = Debug|x64
		{44309772-D358-9C68-8174-72C9998BBE77}.Release|x64.ActiveCfg = Release|x64
		{44309772-D358-9C68-8174-72C9998BBE77}.Release|x64.Build.0 = Release|x64
		{C98268E7-0F49-BDCA-3EBB-BF0D2C09BC01}.Debug|x64.ActiveCfg = Debug|x64
		{C98268E7-0F49-BDCA-3EBB-BF0D2C09BC01}.Debug|x64.Build.0 = Debug|x64
		{C98268E7-0F49-BDCA-3EBB-BF0D2C09BC01}.Release|x64.ActiveCfg = Release|x64
		{C98268E7-0F49-BDCA-3EBB-BF0D2C09BC01}.Release|x64.Build.0 = Release|x64
		{B6627F35-A279-20B5-B6C4-3A3135CA2FE2}.Debug|x64.ActiveCfg = Debug|x64
		{B6627F35-A279-20B5-B6C4-3A3135CA2FE2}.Debug|x64.Build.0 = Debug|x64
		{B6627F35-A279-20B5-B6C4-3A3135CA2FE2}.Release|x64.ActiveCfg = Release|x64
		{B6627F35-A279-20B5-B6C4-3A3135CA2FE2}.Release|x64.Build.0 = Release|x64
		{F8F0F1CB-FA43-C58F-E706-1EA7728BB7A5}.Debug|x64.ActiveCfg = Debug|x64
		{F8F0F1CB-FA43-C58F-E706-1EA7728BB7A5}.Debug|x64.Build.0 = Debug|x64
		{F8F0F1CB-FA43-C58F-E706-1EA7728BB7A5}.Release|x64.ActiveCfg = Release|x64
		{F8F0F1CB-FA43-C58F-E706-1EA7728BB7A5}.Release|x64.Build.0 = Release|x64
	EndGlobalSection
	GlobalSection(SolutionProperties) = preSolution
		HideSolutionNode = FALSE
	EndGlobalSection
EndGlobal
